
Microsoft Visual Studio Solution File, Format Version 12.00
# Visual Studio Version 16
VisualStudioVersion = 16.0.30204.135
MinimumVisualStudioVersion = 10.0.40219.1
Project("{FAE04EC0-301F-11D3-BF4B-00C04F79EFBC}") = "CM0102Patcher", "CM0102Patcher.csproj", "{86237030-2E23-4FF6-B0CF-076EF62D3BD0}"
EndProject
Global
	GlobalSection(SolutionConfigurationPlatforms) = preSolution
		Debug|Any CPU = Debug|Any CPU
		Release|Any CPU = Release|Any CPU
	EndGlobalSection
	GlobalSection(ProjectConfigurationPlatforms) = postSolution
		{86237030-2E23-4FF6-B0CF-076EF62D3BD0}.Debug|Any CPU.ActiveCfg = Debug|Any CPU
		{86237030-2E23-4FF6-B0CF-076EF62D3BD0}.Debug|Any CPU.Build.0 = Debug|Any CPU
		{86237030-2E23-4FF6-B0CF-076EF62D3BD0}.Release|Any CPU.ActiveCfg = Release|Any CPU
		{86237030-2E23-4FF6-B0CF-076EF62D3BD0}.Release|Any CPU.Build.0 = Release|Any CPU
	EndGlobalSection
	GlobalSection(SolutionProperties) = preSolution
		HideSolutionNode = FALSE
	EndGlobalSection
	GlobalSection(ExtensibilityGlobals) = postSolution
		SolutionGuid = {42DF4B68-322E-4978-BAE6-DBB05AEEF417}
	EndGlobalSection
EndGlobal
